// !$*UTF8*$!
{
	archiveVersion = 1;
	classes = {
	};
	objectVersion = 46;
	objects = {

/* Begin PBXBuildFile section */
		904E02901D6FD33600EAD420 /* PaopapView.m in Sources */ = {isa = PBXBuildFile; fileRef = 904E028F1D6FD33600EAD420 /* PaopapView.m */; };
		E0CCC7461D65CF8000229E69 /* main.m in Sources */ = {isa = PBXBuildFile; fileRef = E0CCC7451D65CF8000229E69 /* main.m */; };
		E0CCC7491D65CF8000229E69 /* AppDelegate.m in Sources */ = {isa = PBXBuildFile; fileRef = E0CCC7481D65CF8000229E69 /* AppDelegate.m */; };
		E0CCC74C1D65CF8000229E69 /* ViewController.m in Sources */ = {isa = PBXBuildFile; fileRef = E0CCC74B1D65CF8000229E69 /* ViewController.m */; };
		E0CCC74F1D65CF8000229E69 /* Main.storyboard in Resources */ = {isa = PBXBuildFile; fileRef = E0CCC74D1D65CF8000229E69 /* Main.storyboard */; };
		E0CCC7511D65CF8000229E69 /* Assets.xcassets in Resources */ = {isa = PBXBuildFile; fileRef = E0CCC7501D65CF8000229E69 /* Assets.xcassets */; };
		E0CCC7541D65CF8000229E69 /* LaunchScreen.storyboard in Resources */ = {isa = PBXBuildFile; fileRef = E0CCC7521D65CF8000229E69 /* LaunchScreen.storyboard */; };
/* End PBXBuildFile section */

/* Begin PBXFileReference section */
		904E028E1D6FD33600EAD420 /* PaopapView.h */ = {isa = PBXFileReference; fileEncoding = 4; lastKnownFileType = sourcecode.c.h; path = PaopapView.h; sourceTree = "<group>"; };
		904E028F1D6FD33600EAD420 /* PaopapView.m */ = {isa = PBXFileReference; fileEncoding = 4; lastKnownFileType = sourcecode.c.objc; path = PaopapView.m; sourceTree = "<group>"; };
		E0CCC7411D65CF8000229E69 /* D2.app */ = {isa = PBXFileReference; explicitFileType = wrapper.application; includeInIndex = 0; path = D2.app; sourceTree = BUILT_PRODUCTS_DIR; };
		E0CCC7451D65CF8000229E69 /* main.m */ = {isa = PBXFileReference; lastKnownFileType = sourcecode.c.objc; path = main.m; sourceTree = "<group>"; };
		E0CCC7471D65CF8000229E69 /* AppDelegate.h */ = {isa = PBXFileReference; lastKnownFileType = sourcecode.c.h; path = AppDelegate.h; sourceTree = "<group>"; };
		E0CCC7481D65CF8000229E69 /* AppDelegate.m */ = {isa = PBXFileReference; lastKnownFileType = sourcecode.c.objc; path = AppDelegate.m; sourceTree = "<group>"; };
		E0CCC74A1D65CF8000229E69 /* ViewController.h */ = {isa = PBXFileReference; lastKnownFileType = sourcecode.c.h; path = ViewController.h; sourceTree = "<group>"; };
		E0CCC74B1D65CF8000229E69 /* ViewController.m */ = {isa = PBXFileReference; lastKnownFileType = sourcecode.c.objc; path = ViewController.m; sourceTree = "<group>"; };
		E0CCC74E1D65CF8000229E69 /* Base */ = {isa = PBXFileReference; lastKnownFileType = file.storyboard; name = Base; path = Base.lproj/Main.storyboard; sourceTree = "<group>"; };
		E0CCC7501D65CF8000229E69 /* Assets.xcassets */ = {isa = PBXFileReference; lastKnownFileType = folder.assetcatalog; path = Assets.xcassets; sourceTree = "<group>"; };
		E0CCC7531D65CF8000229E69 /* Base */ = {isa = PBXFileReference; lastKnownFileType = file.storyboard; name = Base; path = Base.lproj/LaunchScreen.storyboard; sourceTree = "<group>"; };
		E0CCC7551D65CF8000229E69 /* Info.plist */ = {isa = PBXFileReference; lastKnownFileType = text.plist.xml; path = Info.plist; sourceTree = "<group>"; };
/* End PBXFileReference section */

/* Begin PBXFrameworksBuildPhase section */
		E0CCC73E1D65CF8000229E69 /* Frameworks */ = {
			isa = PBXFrameworksBuildPhase;
			buildActionMask = 2147483647;
			files = (
			);
			runOnlyForDeploymentPostprocessing = 0;
		};
/* End PBXFrameworksBuildPhase section */

/* Begin PBXGroup section */
		E0CCC7381D65CF8000229E69 = {
			isa = PBXGroup;
			children = (
				E0CCC7431D65CF8000229E69 /* D2 */,
				E0CCC7421D65CF8000229E69 /* Products */,
			);
			sourceTree = "<group>";
		};
		E0CCC7421D65CF8000229E69 /* Products */ = {
			isa = PBXGroup;
			children = (
				E0CCC7411D65CF8000229E69 /* D2.app */,
			);
			name = Products;
			sourceTree = "<group>";
		};
		E0CCC7431D65CF8000229E69 /* D2 */ = {
			isa = PBXGroup;
			children = (
				E0CCC7471D65CF8000229E69 /* AppDelegate.h */,
				E0CCC7481D65CF8000229E69 /* AppDelegate.m */,
				E0CCC74A1D65CF8000229E69 /* ViewController.h */,
				E0CCC74B1D65CF8000229E69 /* ViewController.m */,
				E0CCC74D1D65CF8000229E69 /* Main.storyboard */,
				E0CCC7501D65CF8000229E69 /* Assets.xcassets */,
				E0CCC7521D65CF8000229E69 /* LaunchScreen.storyboard */,
				E0CCC7551D65CF8000229E69 /* Info.plist */,
				E0CCC7441D65CF8000229E69 /* Supporting Files */,
				904E028E1D6FD33600EAD420 /* PaopapView.h */,
				904E028F1D6FD33600EAD420 /* PaopapView.m */,
			);
			path = D2;
			sourceTree = "<group>";
		};
		E0CCC7441D65CF8000229E69 /* Supporting Files */ = {
			isa = PBXGroup;
			children = (
				E0CCC7451D65CF8000229E69 /* main.m */,
			);
			name = "Supporting Files";
			sourceTree = "<group>";
		};
/* End PBXGroup section */

/* Begin PBXNativeTarget section */
		E0CCC7401D65CF8000229E69 /* D2 */ = {
			isa = PBXNativeTarget;
			buildConfigurationList = E0CCC7581D65CF8000229E69 /* Build configuration list for PBXNativeTarget "D2" */;
			buildPhases = (
				E0CCC73D1D65CF8000229E69 /* Sources */,
				E0CCC73E1D65CF8000229E69 /* Frameworks */,
				E0CCC73F1D65CF8000229E69 /* Resources */,
			);
			buildRules = (
			);
			dependencies = (
			);
			name = D2;
			productName = D2;
			productReference = E0CCC7411D65CF8000229E69 /* D2.app */;
			productType = "com.apple.product-type.application";
		};
/* End PBXNativeTarget section */

/* Begin PBXProject section */
		E0CCC7391D65CF8000229E69 /* Project object */ = {
			isa = PBXProject;
			attributes = {
				LastUpgradeCheck = 0730;
				ORGANIZATIONNAME = cx;
				TargetAttributes = {
					E0CCC7401D65CF8000229E69 = {
						CreatedOnToolsVersion = 7.3.1;
					};
				};
			};
			buildConfigurationList = E0CCC73C1D65CF8000229E69 /* Build configuration list for PBXProject "D2" */;
			compatibilityVersion = "Xcode 3.2";
			developmentRegion = English;
			hasScannedForEncodings = 0;
			knownRegions = (
				en,
				Base,
			);
			mainGroup = E0CCC7381D65CF8000229E69;
			productRefGroup = E0CCC7421D65CF8000229E69 /* Products */;
			projectDirPath = "";
			projectRoot = "";
			targets = (
				E0CCC7401D65CF8000229E69 /* D2 */,
			);
		};
/* End PBXProject section */

/* Begin PBXResourcesBuildPhase section */
		E0CCC73F1D65CF8000229E69 /* Resources */ = {
			isa = PBXResourcesBuildPhase;
			buildActionMask = 2147483647;
			files = (
				E0CCC7541D65CF8000229E69 /* LaunchScreen.storyboard in Resources */,
				E0CCC7511D65CF8000229E69 /* Assets.xcassets in Resources */,
				E0CCC74F1D65CF8000229E69 /* Main.storyboard in Resources */,
			);
			runOnlyForDeploymentPostprocessing = 0;
		};
/* End PBXResourcesBuildPhase section */

/* Begin PBXSourcesBuildPhase section */
		E0CCC73D1D65CF8000229E69 /* Sources */ = {
			isa = PBXSourcesBuildPhase;
			buildActionMask = 2147483647;
			files = (
				E0CCC74C1D65CF8000229E69 /* ViewController.m in Sources */,
				E0CCC7491D65CF8000229E69 /* AppDelegate.m in Sources */,
				E0CCC7461D65CF8000229E69 /* main.m in Sources */,
				904E02901D6FD33600EAD420 /* PaopapView.m in Sources */,
			);
			runOnlyForDeploymentPostprocessing = 0;
		};
/* End PBXSourcesBuildPhase section */

/* Begin PBXVariantGroup section */
		E0CCC74D1D65CF8000229E69 /* Main.storyboard */ = {
			isa = PBXVariantGroup;
			children = (
				E0CCC74E1D65CF8000229E69 /* Base */,
			);
			name = Main.storyboard;
			sourceTree = "<group>";
		};
		E0CCC7521D65CF8000229E69 /* LaunchScreen.storyboard */ = {
			isa = PBXVariantGroup;
			children = (
				E0CCC7531D65CF8000229E69 /* Base */,
			);
			name = LaunchScreen.storyboard;
			sourceTree = "<group>";
		};
/* End PBXVariantGroup section */

/* Begin XCBuildConfiguration section */
		E0CCC7561D65CF8000229E69 /* Debug */ = {
			isa = XCBuildConfiguration;
			buildSettings = {
				ALWAYS_SEARCH_USER_PATHS = NO;
				CLANG_ANALYZER_NONNULL = YES;
				CLANG_CXX_LANGUAGE_STANDARD = "gnu++0x";
				CLANG_CXX_LIBRARY = "libc++";
				CLANG_ENABLE_MODULES = YES;
				CLANG_ENABLE_OBJC_ARC = YES;
				CLANG_WARN_BOOL_CONVERSION = YES;
				CLANG_WARN_CONSTANT_CONVERSION = YES;
				CLANG_WARN_DIRECT_OBJC_ISA_USAGE = YES_ERROR;
				CLANG_WARN_EMPTY_BODY = YES;
				CLANG_WARN_ENUM_CONVERSION = YES;
				CLANG_WARN_INT_CONVERSION = YES;
				CLANG_WARN_OBJC_ROOT_CLASS = YES_ERROR;
				CLANG_WARN_UNREACHABLE_CODE = YES;
				CLANG_WARN__DUPLICATE_METHOD_MATCH = YES;
				"CODE_SIGN_IDENTITY[sdk=iphoneos*]" = "iPhone Developer";
				COPY_PHASE_STRIP = NO;
				DEBUG_INFORMATION_FORMAT = dwarf;
				ENABLE_STRICT_OBJC_MSGSEND = YES;
				ENABLE_TESTABILITY = YES;
				GCC_C_LANGUAGE_STANDARD = gnu99;
				GCC_DYNAMIC_NO_PIC = NO;
				GCC_NO_COMMON_BLOCKS = YES;
				GCC_OPTIMIZATION_LEVEL = 0;
				GCC_PREPROCESSOR_DEFINITIONS = (
					"DEBUG=1",
					"$(inherited)",
				);
				GCC_WARN_64_TO_32_BIT_CONVERSION = YES;
				GCC_WARN_ABOUT_RETURN_TYPE = YES_ERROR;
				GCC_WARN_UNDECLARED_SELECTOR = YES;
				GCC_WARN_UNINITIALIZED_AUTOS = YES_AGGRESSIVE;
				GCC_WARN_UNUSED_FUNCTION = YES;
				GCC_WARN_UNUSED_VARIABLE = YES;
				IPHONEOS_DEPLOYMENT_TARGET = 9.3;
				MTL_ENABLE_DEBUG_INFO = YES;
				ONLY_ACTIVE_ARCH = YES;
				SDKROOT = iphoneos;
				TARGETED_DEVICE_FAMILY = "1,2";
			};
			name = Debug;
		};
		E0CCC7571D65CF8000229E69 /* Release */ = {
			isa = XCBuildConfiguration;
			buildSettings = {
				ALWAYS_SEARCH_USER_PATHS = NO;
				CLANG_ANALYZER_NONNULL = YES;
				CLANG_CXX_LANGUAGE_STANDARD = "gnu++0x";
				CLANG_CXX_LIBRARY = "libc++";
				CLANG_ENABLE_MODULES = YES;
				CLANG_ENABLE_OBJC_ARC = YES;
				CLANG_WARN_BOOL_CONVERSION = YES;
				CLANG_WARN_CONSTANT_CONVERSION = YES;
				CLANG_WARN_DIRECT_OBJC_ISA_USAGE = YES_ERROR;
				CLANG_WARN_EMPTY_BODY = YES;
				CLANG_WARN_ENUM_CONVERSION = YES;
				CLANG_WARN_INT_CONVERSION = YES;
				CLANG_WARN_OBJC_ROOT_CLASS = YES_ERROR;
				CLANG_WARN_UNREACHABLE_CODE = YES;
				CLANG_WARN__DUPLICATE_METHOD_MATCH = YES;
				"CODE_SIGN_IDENTITY[sdk=iphoneos*]" = "iPhone Developer";
				COPY_PHASE_STRIP = NO;
				DEBUG_INFORMATION_FORMAT = "dwarf-with-dsym";
				ENABLE_NS_ASSERTIONS = NO;
				ENABLE_STRICT_OBJC_MSGSEND = YES;
				GCC_C_LANGUAGE_STANDARD = gnu99;
				GCC_NO_COMMON_BLOCKS = YES;
				GCC_WARN_64_TO_32_BIT_CONVERSION = YES;
				GCC_WARN_ABOUT_RETURN_TYPE = YES_ERROR;
				GCC_WARN_UNDECLARED_SELECTOR = YES;
				GCC_WARN_UNINITIALIZED_AUTOS = YES_AGGRESSIVE;
				GCC_WARN_UNUSED_FUNCTION = YES;
				GCC_WARN_UNUSED_VARIABLE = YES;
				IPHONEOS_DEPLOYMENT_TARGET = 9.3;
				MTL_ENABLE_DEBUG_INFO = NO;
				SDKROOT = iphoneos;
				TARGETED_DEVICE_FAMILY = "1,2";
				VALIDATE_PRODUCT = YES;
			};
			name = Release;
		};
		E0CCC7591D65CF8000229E69 /* Debug */ = {
			isa = XCBuildConfiguration;
			buildSettings = {
				ASSETCATALOG_COMPILER_APPICON_NAME = AppIcon;
				INFOPLIST_FILE = D2/Info.plist;
				LD_RUNPATH_SEARCH_PATHS = "$(inherited) @executable_path/Frameworks";
				PRODUCT_BUNDLE_IDENTIFIER = com.cx.D2;
				PRODUCT_NAME = "$(TARGET_NAME)";
			};
			name = Debug;
		};
		E0CCC75A1D65CF8000229E69 /* Release */ = {
			isa = XCBuildConfiguration;
			buildSettings = {
				ASSETCATALOG_COMPILER_APPICON_NAME = AppIcon;
				INFOPLIST_FILE = D2/Info.plist;
				LD_RUNPATH_SEARCH_PATHS = "$(inherited) @executable_path/Frameworks";
				PRODUCT_BUNDLE_IDENTIFIER = com.cx.D2;
				PRODUCT_NAME = "$(TARGET_NAME)";
			};
			name = Release;
		};
/* End XCBuildConfiguration section */

/* Begin XCConfigurationList section */
		E0CCC73C1D65CF8000229E69 /* Build configuration list for PBXProject "D2" */ = {
			isa = XCConfigurationList;
			buildConfigurations = (
				E0CCC7561D65CF8000229E69 /* Debug */,
				E0CCC7571D65CF8000229E69 /* Release */,
			);
			defaultConfigurationIsVisible = 0;
			defaultConfigurationName = Release;
		};
		E0CCC7581D65CF8000229E69 /* Build configuration list for PBXNativeTarget "D2" */ = {
			isa = XCConfigurationList;
			buildConfigurations = (
				E0CCC7591D65CF8000229E69 /* Debug */,
				E0CCC75A1D65CF8000229E69 /* Release */,
			);
			defaultConfigurationIsVisible = 0;
			defaultConfigurationName = Release;
		};
/* End XCConfigurationList section */
	};
	rootObject = E0CCC7391D65CF8000229E69 /* Project object */;
}
