// !$*UTF8*$!
{
	archiveVersion = 1;
	classes = {
	};
	objectVersion = 46;
	objects = {

/* Begin PBXBuildFile section */
		E060EBBD1CCB228F00DE97FB /* main.m in Sources */ = {isa = PBXBuildFile; fileRef = E060EBBC1CCB228F00DE97FB /* main.m */; };
		E060EBC01CCB228F00DE97FB /* AppDelegate.m in Sources */ = {isa = PBXBuildFile; fileRef = E060EBBF1CCB228F00DE97FB /* AppDelegate.m */; };
		E060EBC31CCB228F00DE97FB /* ViewController.m in Sources */ = {isa = PBXBuildFile; fileRef = E060EBC21CCB228F00DE97FB /* ViewController.m */; };
		E060EBC61CCB228F00DE97FB /* Main.storyboard in Resources */ = {isa = PBXBuildFile; fileRef = E060EBC41CCB228F00DE97FB /* Main.storyboard */; };
		E060EBC81CCB228F00DE97FB /* Assets.xcassets in Resources */ = {isa = PBXBuildFile; fileRef = E060EBC71CCB228F00DE97FB /* Assets.xcassets */; };
		E060EBCB1CCB228F00DE97FB /* LaunchScreen.storyboard in Resources */ = {isa = PBXBuildFile; fileRef = E060EBC91CCB228F00DE97FB /* LaunchScreen.storyboard */; };
/* End PBXBuildFile section */

/* Begin PBXFileReference section */
		E060EBB81CCB228F00DE97FB /* cc.app */ = {isa = PBXFileReference; explicitFileType = wrapper.application; includeInIndex = 0; path = cc.app; sourceTree = BUILT_PRODUCTS_DIR; };
		E060EBBC1CCB228F00DE97FB /* main.m */ = {isa = PBXFileReference; lastKnownFileType = sourcecode.c.objc; path = main.m; sourceTree = "<group>"; };
		E060EBBE1CCB228F00DE97FB /* AppDelegate.h */ = {isa = PBXFileReference; lastKnownFileType = sourcecode.c.h; path = AppDelegate.h; sourceTree = "<group>"; };
		E060EBBF1CCB228F00DE97FB /* AppDelegate.m */ = {isa = PBXFileReference; lastKnownFileType = sourcecode.c.objc; path = AppDelegate.m; sourceTree = "<group>"; };
		E060EBC11CCB228F00DE97FB /* ViewController.h */ = {isa = PBXFileReference; lastKnownFileType = sourcecode.c.h; path = ViewController.h; sourceTree = "<group>"; };
		E060EBC21CCB228F00DE97FB /* ViewController.m */ = {isa = PBXFileReference; lastKnownFileType = sourcecode.c.objc; path = ViewController.m; sourceTree = "<group>"; };
		E060EBC51CCB228F00DE97FB /* Base */ = {isa = PBXFileReference; lastKnownFileType = file.storyboard; name = Base; path = Base.lproj/Main.storyboard; sourceTree = "<group>"; };
		E060EBC71CCB228F00DE97FB /* Assets.xcassets */ = {isa = PBXFileReference; lastKnownFileType = folder.assetcatalog; path = Assets.xcassets; sourceTree = "<group>"; };
		E060EBCA1CCB228F00DE97FB /* Base */ = {isa = PBXFileReference; lastKnownFileType = file.storyboard; name = Base; path = Base.lproj/LaunchScreen.storyboard; sourceTree = "<group>"; };
		E060EBCC1CCB228F00DE97FB /* Info.plist */ = {isa = PBXFileReference; lastKnownFileType = text.plist.xml; path = Info.plist; sourceTree = "<group>"; };
/* End PBXFileReference section */

/* Begin PBXFrameworksBuildPhase section */
		E060EBB51CCB228F00DE97FB /* Frameworks */ = {
			isa = PBXFrameworksBuildPhase;
			buildActionMask = 2147483647;
			files = (
			);
			runOnlyForDeploymentPostprocessing = 0;
		};
/* End PBXFrameworksBuildPhase section */

/* Begin PBXGroup section */
		E060EBAF1CCB228F00DE97FB = {
			isa = PBXGroup;
			children = (
				E060EBBA1CCB228F00DE97FB /* cc */,
				E060EBB91CCB228F00DE97FB /* Products */,
			);
			sourceTree = "<group>";
		};
		E060EBB91CCB228F00DE97FB /* Products */ = {
			isa = PBXGroup;
			children = (
				E060EBB81CCB228F00DE97FB /* cc.app */,
			);
			name = Products;
			sourceTree = "<group>";
		};
		E060EBBA1CCB228F00DE97FB /* cc */ = {
			isa = PBXGroup;
			children = (
				E060EBBE1CCB228F00DE97FB /* AppDelegate.h */,
				E060EBBF1CCB228F00DE97FB /* AppDelegate.m */,
				E060EBC11CCB228F00DE97FB /* ViewController.h */,
				E060EBC21CCB228F00DE97FB /* ViewController.m */,
				E060EBC41CCB228F00DE97FB /* Main.storyboard */,
				E060EBC71CCB228F00DE97FB /* Assets.xcassets */,
				E060EBC91CCB228F00DE97FB /* LaunchScreen.storyboard */,
				E060EBCC1CCB228F00DE97FB /* Info.plist */,
				E060EBBB1CCB228F00DE97FB /* Supporting Files */,
			);
			path = cc;
			sourceTree = "<group>";
		};
		E060EBBB1CCB228F00DE97FB /* Supporting Files */ = {
			isa = PBXGroup;
			children = (
				E060EBBC1CCB228F00DE97FB /* main.m */,
			);
			name = "Supporting Files";
			sourceTree = "<group>";
		};
/* End PBXGroup section */

/* Begin PBXNativeTarget section */
		E060EBB71CCB228F00DE97FB /* cc */ = {
			isa = PBXNativeTarget;
			buildConfigurationList = E060EBCF1CCB228F00DE97FB /* Build configuration list for PBXNativeTarget "cc" */;
			buildPhases = (
				E060EBB41CCB228F00DE97FB /* Sources */,
				E060EBB51CCB228F00DE97FB /* Frameworks */,
				E060EBB61CCB228F00DE97FB /* Resources */,
			);
			buildRules = (
			);
			dependencies = (
			);
			name = cc;
			productName = cc;
			productReference = E060EBB81CCB228F00DE97FB /* cc.app */;
			productType = "com.apple.product-type.application";
		};
/* End PBXNativeTarget section */

/* Begin PBXProject section */
		E060EBB01CCB228F00DE97FB /* Project object */ = {
			isa = PBXProject;
			attributes = {
				LastUpgradeCheck = 0730;
				ORGANIZATIONNAME = cx;
				TargetAttributes = {
					E060EBB71CCB228F00DE97FB = {
						CreatedOnToolsVersion = 7.3;
					};
				};
			};
			buildConfigurationList = E060EBB31CCB228F00DE97FB /* Build configuration list for PBXProject "cc" */;
			compatibilityVersion = "Xcode 3.2";
			developmentRegion = English;
			hasScannedForEncodings = 0;
			knownRegions = (
				en,
				Base,
			);
			mainGroup = E060EBAF1CCB228F00DE97FB;
			productRefGroup = E060EBB91CCB228F00DE97FB /* Products */;
			projectDirPath = "";
			projectRoot = "";
			targets = (
				E060EBB71CCB228F00DE97FB /* cc */,
			);
		};
/* End PBXProject section */

/* Begin PBXResourcesBuildPhase section */
		E060EBB61CCB228F00DE97FB /* Resources */ = {
			isa = PBXResourcesBuildPhase;
			buildActionMask = 2147483647;
			files = (
				E060EBCB1CCB228F00DE97FB /* LaunchScreen.storyboard in Resources */,
				E060EBC81CCB228F00DE97FB /* Assets.xcassets in Resources */,
				E060EBC61CCB228F00DE97FB /* Main.storyboard in Resources */,
			);
			runOnlyForDeploymentPostprocessing = 0;
		};
/* End PBXResourcesBuildPhase section */

/* Begin PBXSourcesBuildPhase section */
		E060EBB41CCB228F00DE97FB /* Sources */ = {
			isa = PBXSourcesBuildPhase;
			buildActionMask = 2147483647;
			files = (
				E060EBC31CCB228F00DE97FB /* ViewController.m in Sources */,
				E060EBC01CCB228F00DE97FB /* AppDelegate.m in Sources */,
				E060EBBD1CCB228F00DE97FB /* main.m in Sources */,
			);
			runOnlyForDeploymentPostprocessing = 0;
		};
/* End PBXSourcesBuildPhase section */

/* Begin PBXVariantGroup section */
		E060EBC41CCB228F00DE97FB /* Main.storyboard */ = {
			isa = PBXVariantGroup;
			children = (
				E060EBC51CCB228F00DE97FB /* Base */,
			);
			name = Main.storyboard;
			sourceTree = "<group>";
		};
		E060EBC91CCB228F00DE97FB /* LaunchScreen.storyboard */ = {
			isa = PBXVariantGroup;
			children = (
				E060EBCA1CCB228F00DE97FB /* Base */,
			);
			name = LaunchScreen.storyboard;
			sourceTree = "<group>";
		};
/* End PBXVariantGroup section */

/* Begin XCBuildConfiguration section */
		E060EBCD1CCB228F00DE97FB /* Debug */ = {
			isa = XCBuildConfiguration;
			buildSettings = {
				ALWAYS_SEARCH_USER_PATHS = NO;
				CLANG_ANALYZER_NONNULL = YES;
				CLANG_CXX_LANGUAGE_STANDARD = "gnu++0x";
				CLANG_CXX_LIBRARY = "libc++";
				CLANG_ENABLE_MODULES = YES;
				CLANG_ENABLE_OBJC_ARC = YES;
				CLANG_WARN_BOOL_CONVERSION = YES;
				CLANG_WARN_CONSTANT_CONVERSION = YES;
				CLANG_WARN_DIRECT_OBJC_ISA_USAGE = YES_ERROR;
				CLANG_WARN_EMPTY_BODY = YES;
				CLANG_WARN_ENUM_CONVERSION = YES;
				CLANG_WARN_INT_CONVERSION = YES;
				CLANG_WARN_OBJC_ROOT_CLASS = YES_ERROR;
				CLANG_WARN_UNREACHABLE_CODE = YES;
				CLANG_WARN__DUPLICATE_METHOD_MATCH = YES;
				"CODE_SIGN_IDENTITY[sdk=iphoneos*]" = "iPhone Developer";
				COPY_PHASE_STRIP = NO;
				DEBUG_INFORMATION_FORMAT = dwarf;
				ENABLE_STRICT_OBJC_MSGSEND = YES;
				ENABLE_TESTABILITY = YES;
				GCC_C_LANGUAGE_STANDARD = gnu99;
				GCC_DYNAMIC_NO_PIC = NO;
				GCC_NO_COMMON_BLOCKS = YES;
				GCC_OPTIMIZATION_LEVEL = 0;
				GCC_PREPROCESSOR_DEFINITIONS = (
					"DEBUG=1",
					"$(inherited)",
				);
				GCC_WARN_64_TO_32_BIT_CONVERSION = YES;
				GCC_WARN_ABOUT_RETURN_TYPE = YES_ERROR;
				GCC_WARN_UNDECLARED_SELECTOR = YES;
				GCC_WARN_UNINITIALIZED_AUTOS = YES_AGGRESSIVE;
				GCC_WARN_UNUSED_FUNCTION = YES;
				GCC_WARN_UNUSED_VARIABLE = YES;
				IPHONEOS_DEPLOYMENT_TARGET = 9.3;
				MTL_ENABLE_DEBUG_INFO = YES;
				ONLY_ACTIVE_ARCH = YES;
				SDKROOT = iphoneos;
				TARGETED_DEVICE_FAMILY = "1,2";
			};
			name = Debug;
		};
		E060EBCE1CCB228F00DE97FB /* Release */ = {
			isa = XCBuildConfiguration;
			buildSettings = {
				ALWAYS_SEARCH_USER_PATHS = NO;
				CLANG_ANALYZER_NONNULL = YES;
				CLANG_CXX_LANGUAGE_STANDARD = "gnu++0x";
				CLANG_CXX_LIBRARY = "libc++";
				CLANG_ENABLE_MODULES = YES;
				CLANG_ENABLE_OBJC_ARC = YES;
				CLANG_WARN_BOOL_CONVERSION = YES;
				CLANG_WARN_CONSTANT_CONVERSION = YES;
				CLANG_WARN_DIRECT_OBJC_ISA_USAGE = YES_ERROR;
				CLANG_WARN_EMPTY_BODY = YES;
				CLANG_WARN_ENUM_CONVERSION = YES;
				CLANG_WARN_INT_CONVERSION = YES;
				CLANG_WARN_OBJC_ROOT_CLASS = YES_ERROR;
				CLANG_WARN_UNREACHABLE_CODE = YES;
				CLANG_WARN__DUPLICATE_METHOD_MATCH = YES;
				"CODE_SIGN_IDENTITY[sdk=iphoneos*]" = "iPhone Developer";
				COPY_PHASE_STRIP = NO;
				DEBUG_INFORMATION_FORMAT = "dwarf-with-dsym";
				ENABLE_NS_ASSERTIONS = NO;
				ENABLE_STRICT_OBJC_MSGSEND = YES;
				GCC_C_LANGUAGE_STANDARD = gnu99;
				GCC_NO_COMMON_BLOCKS = YES;
				GCC_WARN_64_TO_32_BIT_CONVERSION = YES;
				GCC_WARN_ABOUT_RETURN_TYPE = YES_ERROR;
				GCC_WARN_UNDECLARED_SELECTOR = YES;
				GCC_WARN_UNINITIALIZED_AUTOS = YES_AGGRESSIVE;
				GCC_WARN_UNUSED_FUNCTION = YES;
				GCC_WARN_UNUSED_VARIABLE = YES;
				IPHONEOS_DEPLOYMENT_TARGET = 9.3;
				MTL_ENABLE_DEBUG_INFO = NO;
				SDKROOT = iphoneos;
				TARGETED_DEVICE_FAMILY = "1,2";
				VALIDATE_PRODUCT = YES;
			};
			name = Release;
		};
		E060EBD01CCB228F00DE97FB /* Debug */ = {
			isa = XCBuildConfiguration;
			buildSettings = {
				ASSETCATALOG_COMPILER_APPICON_NAME = AppIcon;
				INFOPLIST_FILE = cc/Info.plist;
				LD_RUNPATH_SEARCH_PATHS = "$(inherited) @executable_path/Frameworks";
				PRODUCT_BUNDLE_IDENTIFIER = com.cx.cc;
				PRODUCT_NAME = "$(TARGET_NAME)";
			};
			name = Debug;
		};
		E060EBD11CCB228F00DE97FB /* Release */ = {
			isa = XCBuildConfiguration;
			buildSettings = {
				ASSETCATALOG_COMPILER_APPICON_NAME = AppIcon;
				INFOPLIST_FILE = cc/Info.plist;
				LD_RUNPATH_SEARCH_PATHS = "$(inherited) @executable_path/Frameworks";
				PRODUCT_BUNDLE_IDENTIFIER = com.cx.cc;
				PRODUCT_NAME = "$(TARGET_NAME)";
			};
			name = Release;
		};
/* End XCBuildConfiguration section */

/* Begin XCConfigurationList section */
		E060EBB31CCB228F00DE97FB /* Build configuration list for PBXProject "cc" */ = {
			isa = XCConfigurationList;
			buildConfigurations = (
				E060EBCD1CCB228F00DE97FB /* Debug */,
				E060EBCE1CCB228F00DE97FB /* Release */,
			);
			defaultConfigurationIsVisible = 0;
			defaultConfigurationName = Release;
		};
		E060EBCF1CCB228F00DE97FB /* Build configuration list for PBXNativeTarget "cc" */ = {
			isa = XCConfigurationList;
			buildConfigurations = (
				E060EBD01CCB228F00DE97FB /* Debug */,
				E060EBD11CCB228F00DE97FB /* Release */,
			);
			defaultConfigurationIsVisible = 0;
		};
/* End XCConfigurationList section */
	};
	rootObject = E060EBB01CCB228F00DE97FB /* Project object */;
}
