// !$*UTF8*$!
{
	archiveVersion = 1;
	classes = {
	};
	objectVersion = 46;
	objects = {

/* Begin PBXBuildFile section */
		90E213E71D20C39F006F970D /* main.m in Sources */ = {isa = PBXBuildFile; fileRef = 90E213E61D20C39F006F970D /* main.m */; };
		90E213EA1D20C39F006F970D /* AppDelegate.m in Sources */ = {isa = PBXBuildFile; fileRef = 90E213E91D20C39F006F970D /* AppDelegate.m */; };
		90E213ED1D20C39F006F970D /* ViewController.m in Sources */ = {isa = PBXBuildFile; fileRef = 90E213EC1D20C39F006F970D /* ViewController.m */; };
		90E213F01D20C39F006F970D /* Main.storyboard in Resources */ = {isa = PBXBuildFile; fileRef = 90E213EE1D20C39F006F970D /* Main.storyboard */; };
		90E213F21D20C39F006F970D /* Assets.xcassets in Resources */ = {isa = PBXBuildFile; fileRef = 90E213F11D20C39F006F970D /* Assets.xcassets */; };
		90E213F51D20C39F006F970D /* LaunchScreen.storyboard in Resources */ = {isa = PBXBuildFile; fileRef = 90E213F31D20C39F006F970D /* LaunchScreen.storyboard */; };
		90E213FE1D20C432006F970D /* TestObj.m in Sources */ = {isa = PBXBuildFile; fileRef = 90E213FD1D20C432006F970D /* TestObj.m */; };
/* End PBXBuildFile section */

/* Begin PBXFileReference section */
		90E213E21D20C39E006F970D /* appearanceDemo.app */ = {isa = PBXFileReference; explicitFileType = wrapper.application; includeInIndex = 0; path = appearanceDemo.app; sourceTree = BUILT_PRODUCTS_DIR; };
		90E213E61D20C39F006F970D /* main.m */ = {isa = PBXFileReference; lastKnownFileType = sourcecode.c.objc; path = main.m; sourceTree = "<group>"; };
		90E213E81D20C39F006F970D /* AppDelegate.h */ = {isa = PBXFileReference; lastKnownFileType = sourcecode.c.h; path = AppDelegate.h; sourceTree = "<group>"; };
		90E213E91D20C39F006F970D /* AppDelegate.m */ = {isa = PBXFileReference; lastKnownFileType = sourcecode.c.objc; path = AppDelegate.m; sourceTree = "<group>"; };
		90E213EB1D20C39F006F970D /* ViewController.h */ = {isa = PBXFileReference; lastKnownFileType = sourcecode.c.h; path = ViewController.h; sourceTree = "<group>"; };
		90E213EC1D20C39F006F970D /* ViewController.m */ = {isa = PBXFileReference; lastKnownFileType = sourcecode.c.objc; path = ViewController.m; sourceTree = "<group>"; };
		90E213EF1D20C39F006F970D /* Base */ = {isa = PBXFileReference; lastKnownFileType = file.storyboard; name = Base; path = Base.lproj/Main.storyboard; sourceTree = "<group>"; };
		90E213F11D20C39F006F970D /* Assets.xcassets */ = {isa = PBXFileReference; lastKnownFileType = folder.assetcatalog; path = Assets.xcassets; sourceTree = "<group>"; };
		90E213F41D20C39F006F970D /* Base */ = {isa = PBXFileReference; lastKnownFileType = file.storyboard; name = Base; path = Base.lproj/LaunchScreen.storyboard; sourceTree = "<group>"; };
		90E213F61D20C39F006F970D /* Info.plist */ = {isa = PBXFileReference; lastKnownFileType = text.plist.xml; path = Info.plist; sourceTree = "<group>"; };
		90E213FC1D20C432006F970D /* TestObj.h */ = {isa = PBXFileReference; fileEncoding = 4; lastKnownFileType = sourcecode.c.h; path = TestObj.h; sourceTree = "<group>"; };
		90E213FD1D20C432006F970D /* TestObj.m */ = {isa = PBXFileReference; fileEncoding = 4; lastKnownFileType = sourcecode.c.objc; path = TestObj.m; sourceTree = "<group>"; };
/* End PBXFileReference section */

/* Begin PBXFrameworksBuildPhase section */
		90E213DF1D20C39E006F970D /* Frameworks */ = {
			isa = PBXFrameworksBuildPhase;
			buildActionMask = 2147483647;
			files = (
			);
			runOnlyForDeploymentPostprocessing = 0;
		};
/* End PBXFrameworksBuildPhase section */

/* Begin PBXGroup section */
		90E213D91D20C39E006F970D = {
			isa = PBXGroup;
			children = (
				90E213E41D20C39F006F970D /* appearanceDemo */,
				90E213E31D20C39E006F970D /* Products */,
			);
			sourceTree = "<group>";
		};
		90E213E31D20C39E006F970D /* Products */ = {
			isa = PBXGroup;
			children = (
				90E213E21D20C39E006F970D /* appearanceDemo.app */,
			);
			name = Products;
			sourceTree = "<group>";
		};
		90E213E41D20C39F006F970D /* appearanceDemo */ = {
			isa = PBXGroup;
			children = (
				90E213E81D20C39F006F970D /* AppDelegate.h */,
				90E213E91D20C39F006F970D /* AppDelegate.m */,
				90E213EB1D20C39F006F970D /* ViewController.h */,
				90E213EC1D20C39F006F970D /* ViewController.m */,
				90E213EE1D20C39F006F970D /* Main.storyboard */,
				90E213F11D20C39F006F970D /* Assets.xcassets */,
				90E213F31D20C39F006F970D /* LaunchScreen.storyboard */,
				90E213F61D20C39F006F970D /* Info.plist */,
				90E213E51D20C39F006F970D /* Supporting Files */,
				90E213FC1D20C432006F970D /* TestObj.h */,
				90E213FD1D20C432006F970D /* TestObj.m */,
			);
			path = appearanceDemo;
			sourceTree = "<group>";
		};
		90E213E51D20C39F006F970D /* Supporting Files */ = {
			isa = PBXGroup;
			children = (
				90E213E61D20C39F006F970D /* main.m */,
			);
			name = "Supporting Files";
			sourceTree = "<group>";
		};
/* End PBXGroup section */

/* Begin PBXNativeTarget section */
		90E213E11D20C39E006F970D /* appearanceDemo */ = {
			isa = PBXNativeTarget;
			buildConfigurationList = 90E213F91D20C39F006F970D /* Build configuration list for PBXNativeTarget "appearanceDemo" */;
			buildPhases = (
				90E213DE1D20C39E006F970D /* Sources */,
				90E213DF1D20C39E006F970D /* Frameworks */,
				90E213E01D20C39E006F970D /* Resources */,
			);
			buildRules = (
			);
			dependencies = (
			);
			name = appearanceDemo;
			productName = appearanceDemo;
			productReference = 90E213E21D20C39E006F970D /* appearanceDemo.app */;
			productType = "com.apple.product-type.application";
		};
/* End PBXNativeTarget section */

/* Begin PBXProject section */
		90E213DA1D20C39E006F970D /* Project object */ = {
			isa = PBXProject;
			attributes = {
				LastUpgradeCheck = 0730;
				ORGANIZATIONNAME = cx;
				TargetAttributes = {
					90E213E11D20C39E006F970D = {
						CreatedOnToolsVersion = 7.3.1;
					};
				};
			};
			buildConfigurationList = 90E213DD1D20C39E006F970D /* Build configuration list for PBXProject "appearanceDemo" */;
			compatibilityVersion = "Xcode 3.2";
			developmentRegion = English;
			hasScannedForEncodings = 0;
			knownRegions = (
				en,
				Base,
			);
			mainGroup = 90E213D91D20C39E006F970D;
			productRefGroup = 90E213E31D20C39E006F970D /* Products */;
			projectDirPath = "";
			projectRoot = "";
			targets = (
				90E213E11D20C39E006F970D /* appearanceDemo */,
			);
		};
/* End PBXProject section */

/* Begin PBXResourcesBuildPhase section */
		90E213E01D20C39E006F970D /* Resources */ = {
			isa = PBXResourcesBuildPhase;
			buildActionMask = 2147483647;
			files = (
				90E213F51D20C39F006F970D /* LaunchScreen.storyboard in Resources */,
				90E213F21D20C39F006F970D /* Assets.xcassets in Resources */,
				90E213F01D20C39F006F970D /* Main.storyboard in Resources */,
			);
			runOnlyForDeploymentPostprocessing = 0;
		};
/* End PBXResourcesBuildPhase section */

/* Begin PBXSourcesBuildPhase section */
		90E213DE1D20C39E006F970D /* Sources */ = {
			isa = PBXSourcesBuildPhase;
			buildActionMask = 2147483647;
			files = (
				90E213ED1D20C39F006F970D /* ViewController.m in Sources */,
				90E213EA1D20C39F006F970D /* AppDelegate.m in Sources */,
				90E213E71D20C39F006F970D /* main.m in Sources */,
				90E213FE1D20C432006F970D /* TestObj.m in Sources */,
			);
			runOnlyForDeploymentPostprocessing = 0;
		};
/* End PBXSourcesBuildPhase section */

/* Begin PBXVariantGroup section */
		90E213EE1D20C39F006F970D /* Main.storyboard */ = {
			isa = PBXVariantGroup;
			children = (
				90E213EF1D20C39F006F970D /* Base */,
			);
			name = Main.storyboard;
			sourceTree = "<group>";
		};
		90E213F31D20C39F006F970D /* LaunchScreen.storyboard */ = {
			isa = PBXVariantGroup;
			children = (
				90E213F41D20C39F006F970D /* Base */,
			);
			name = LaunchScreen.storyboard;
			sourceTree = "<group>";
		};
/* End PBXVariantGroup section */

/* Begin XCBuildConfiguration section */
		90E213F71D20C39F006F970D /* Debug */ = {
			isa = XCBuildConfiguration;
			buildSettings = {
				ALWAYS_SEARCH_USER_PATHS = NO;
				CLANG_ANALYZER_NONNULL = YES;
				CLANG_CXX_LANGUAGE_STANDARD = "gnu++0x";
				CLANG_CXX_LIBRARY = "libc++";
				CLANG_ENABLE_MODULES = YES;
				CLANG_ENABLE_OBJC_ARC = YES;
				CLANG_WARN_BOOL_CONVERSION = YES;
				CLANG_WARN_CONSTANT_CONVERSION = YES;
				CLANG_WARN_DIRECT_OBJC_ISA_USAGE = YES_ERROR;
				CLANG_WARN_EMPTY_BODY = YES;
				CLANG_WARN_ENUM_CONVERSION = YES;
				CLANG_WARN_INT_CONVERSION = YES;
				CLANG_WARN_OBJC_ROOT_CLASS = YES_ERROR;
				CLANG_WARN_UNREACHABLE_CODE = YES;
				CLANG_WARN__DUPLICATE_METHOD_MATCH = YES;
				"CODE_SIGN_IDENTITY[sdk=iphoneos*]" = "iPhone Developer";
				COPY_PHASE_STRIP = NO;
				DEBUG_INFORMATION_FORMAT = dwarf;
				ENABLE_STRICT_OBJC_MSGSEND = YES;
				ENABLE_TESTABILITY = YES;
				GCC_C_LANGUAGE_STANDARD = gnu99;
				GCC_DYNAMIC_NO_PIC = NO;
				GCC_NO_COMMON_BLOCKS = YES;
				GCC_OPTIMIZATION_LEVEL = 0;
				GCC_PREPROCESSOR_DEFINITIONS = (
					"DEBUG=1",
					"$(inherited)",
				);
				GCC_WARN_64_TO_32_BIT_CONVERSION = YES;
				GCC_WARN_ABOUT_RETURN_TYPE = YES_ERROR;
				GCC_WARN_UNDECLARED_SELECTOR = YES;
				GCC_WARN_UNINITIALIZED_AUTOS = YES_AGGRESSIVE;
				GCC_WARN_UNUSED_FUNCTION = YES;
				GCC_WARN_UNUSED_VARIABLE = YES;
				IPHONEOS_DEPLOYMENT_TARGET = 9.3;
				MTL_ENABLE_DEBUG_INFO = YES;
				ONLY_ACTIVE_ARCH = YES;
				SDKROOT = iphoneos;
			};
			name = Debug;
		};
		90E213F81D20C39F006F970D /* Release */ = {
			isa = XCBuildConfiguration;
			buildSettings = {
				ALWAYS_SEARCH_USER_PATHS = NO;
				CLANG_ANALYZER_NONNULL = YES;
				CLANG_CXX_LANGUAGE_STANDARD = "gnu++0x";
				CLANG_CXX_LIBRARY = "libc++";
				CLANG_ENABLE_MODULES = YES;
				CLANG_ENABLE_OBJC_ARC = YES;
				CLANG_WARN_BOOL_CONVERSION = YES;
				CLANG_WARN_CONSTANT_CONVERSION = YES;
				CLANG_WARN_DIRECT_OBJC_ISA_USAGE = YES_ERROR;
				CLANG_WARN_EMPTY_BODY = YES;
				CLANG_WARN_ENUM_CONVERSION = YES;
				CLANG_WARN_INT_CONVERSION = YES;
				CLANG_WARN_OBJC_ROOT_CLASS = YES_ERROR;
				CLANG_WARN_UNREACHABLE_CODE = YES;
				CLANG_WARN__DUPLICATE_METHOD_MATCH = YES;
				"CODE_SIGN_IDENTITY[sdk=iphoneos*]" = "iPhone Developer";
				COPY_PHASE_STRIP = NO;
				DEBUG_INFORMATION_FORMAT = "dwarf-with-dsym";
				ENABLE_NS_ASSERTIONS = NO;
				ENABLE_STRICT_OBJC_MSGSEND = YES;
				GCC_C_LANGUAGE_STANDARD = gnu99;
				GCC_NO_COMMON_BLOCKS = YES;
				GCC_WARN_64_TO_32_BIT_CONVERSION = YES;
				GCC_WARN_ABOUT_RETURN_TYPE = YES_ERROR;
				GCC_WARN_UNDECLARED_SELECTOR = YES;
				GCC_WARN_UNINITIALIZED_AUTOS = YES_AGGRESSIVE;
				GCC_WARN_UNUSED_FUNCTION = YES;
				GCC_WARN_UNUSED_VARIABLE = YES;
				IPHONEOS_DEPLOYMENT_TARGET = 9.3;
				MTL_ENABLE_DEBUG_INFO = NO;
				SDKROOT = iphoneos;
				VALIDATE_PRODUCT = YES;
			};
			name = Release;
		};
		90E213FA1D20C39F006F970D /* Debug */ = {
			isa = XCBuildConfiguration;
			buildSettings = {
				ASSETCATALOG_COMPILER_APPICON_NAME = AppIcon;
				INFOPLIST_FILE = appearanceDemo/Info.plist;
				LD_RUNPATH_SEARCH_PATHS = "$(inherited) @executable_path/Frameworks";
				PRODUCT_BUNDLE_IDENTIFIER = com.cx.appearanceDemo;
				PRODUCT_NAME = "$(TARGET_NAME)";
			};
			name = Debug;
		};
		90E213FB1D20C39F006F970D /* Release */ = {
			isa = XCBuildConfiguration;
			buildSettings = {
				ASSETCATALOG_COMPILER_APPICON_NAME = AppIcon;
				INFOPLIST_FILE = appearanceDemo/Info.plist;
				LD_RUNPATH_SEARCH_PATHS = "$(inherited) @executable_path/Frameworks";
				PRODUCT_BUNDLE_IDENTIFIER = com.cx.appearanceDemo;
				PRODUCT_NAME = "$(TARGET_NAME)";
			};
			name = Release;
		};
/* End XCBuildConfiguration section */

/* Begin XCConfigurationList section */
		90E213DD1D20C39E006F970D /* Build configuration list for PBXProject "appearanceDemo" */ = {
			isa = XCConfigurationList;
			buildConfigurations = (
				90E213F71D20C39F006F970D /* Debug */,
				90E213F81D20C39F006F970D /* Release */,
			);
			defaultConfigurationIsVisible = 0;
			defaultConfigurationName = Release;
		};
		90E213F91D20C39F006F970D /* Build configuration list for PBXNativeTarget "appearanceDemo" */ = {
			isa = XCConfigurationList;
			buildConfigurations = (
				90E213FA1D20C39F006F970D /* Debug */,
				90E213FB1D20C39F006F970D /* Release */,
			);
			defaultConfigurationIsVisible = 0;
		};
/* End XCConfigurationList section */
	};
	rootObject = 90E213DA1D20C39E006F970D /* Project object */;
}
