// !$*UTF8*$!
{
	archiveVersion = 1;
	classes = {
	};
	objectVersion = 46;
	objects = {

/* Begin PBXBuildFile section */
		E07D37A01D2D503F002D2F0A /* main.m in Sources */ = {isa = PBXBuildFile; fileRef = E07D379F1D2D503F002D2F0A /* main.m */; };
		E07D37A31D2D503F002D2F0A /* AppDelegate.m in Sources */ = {isa = PBXBuildFile; fileRef = E07D37A21D2D503F002D2F0A /* AppDelegate.m */; };
		E07D37A61D2D503F002D2F0A /* ViewController.m in Sources */ = {isa = PBXBuildFile; fileRef = E07D37A51D2D503F002D2F0A /* ViewController.m */; };
		E07D37AB1D2D503F002D2F0A /* Assets.xcassets in Resources */ = {isa = PBXBuildFile; fileRef = E07D37AA1D2D503F002D2F0A /* Assets.xcassets */; };
		E07D37AE1D2D503F002D2F0A /* LaunchScreen.storyboard in Resources */ = {isa = PBXBuildFile; fileRef = E07D37AC1D2D503F002D2F0A /* LaunchScreen.storyboard */; };
		E07D37B71D2D5088002D2F0A /* D1Label.m in Sources */ = {isa = PBXBuildFile; fileRef = E07D37B61D2D5088002D2F0A /* D1Label.m */; };
		E0E652841D8191D900C9E845 /* D1SizeViewController.m in Sources */ = {isa = PBXBuildFile; fileRef = E0E652831D8191D900C9E845 /* D1SizeViewController.m */; };
		E0E652871D81967600C9E845 /* D1CookieViewController.m in Sources */ = {isa = PBXBuildFile; fileRef = E0E652861D81967600C9E845 /* D1CookieViewController.m */; };
		E0E652AE1D8196FF00C9E845 /* AFHTTPSessionManager.m in Sources */ = {isa = PBXBuildFile; fileRef = E0E6528B1D8196FF00C9E845 /* AFHTTPSessionManager.m */; };
		E0E652AF1D8196FF00C9E845 /* AFNetworkReachabilityManager.m in Sources */ = {isa = PBXBuildFile; fileRef = E0E6528E1D8196FF00C9E845 /* AFNetworkReachabilityManager.m */; };
		E0E652B01D8196FF00C9E845 /* AFSecurityPolicy.m in Sources */ = {isa = PBXBuildFile; fileRef = E0E652901D8196FF00C9E845 /* AFSecurityPolicy.m */; };
		E0E652B11D8196FF00C9E845 /* AFURLRequestSerialization.m in Sources */ = {isa = PBXBuildFile; fileRef = E0E652921D8196FF00C9E845 /* AFURLRequestSerialization.m */; };
		E0E652B21D8196FF00C9E845 /* AFURLResponseSerialization.m in Sources */ = {isa = PBXBuildFile; fileRef = E0E652941D8196FF00C9E845 /* AFURLResponseSerialization.m */; };
		E0E652B31D8196FF00C9E845 /* AFURLSessionManager.m in Sources */ = {isa = PBXBuildFile; fileRef = E0E652961D8196FF00C9E845 /* AFURLSessionManager.m */; };
		E0E652B41D8196FF00C9E845 /* LICENSE in Resources */ = {isa = PBXBuildFile; fileRef = E0E652971D8196FF00C9E845 /* LICENSE */; };
		E0E652B51D8196FF00C9E845 /* README.md in Sources */ = {isa = PBXBuildFile; fileRef = E0E652981D8196FF00C9E845 /* README.md */; };
		E0E652B61D8196FF00C9E845 /* AFAutoPurgingImageCache.m in Sources */ = {isa = PBXBuildFile; fileRef = E0E6529B1D8196FF00C9E845 /* AFAutoPurgingImageCache.m */; };
		E0E652B71D8196FF00C9E845 /* AFImageDownloader.m in Sources */ = {isa = PBXBuildFile; fileRef = E0E6529D1D8196FF00C9E845 /* AFImageDownloader.m */; };
		E0E652B81D8196FF00C9E845 /* AFNetworkActivityIndicatorManager.m in Sources */ = {isa = PBXBuildFile; fileRef = E0E6529F1D8196FF00C9E845 /* AFNetworkActivityIndicatorManager.m */; };
		E0E652B91D8196FF00C9E845 /* UIActivityIndicatorView+AFNetworking.m in Sources */ = {isa = PBXBuildFile; fileRef = E0E652A11D8196FF00C9E845 /* UIActivityIndicatorView+AFNetworking.m */; };
		E0E652BA1D8196FF00C9E845 /* UIButton+AFNetworking.m in Sources */ = {isa = PBXBuildFile; fileRef = E0E652A31D8196FF00C9E845 /* UIButton+AFNetworking.m */; };
		E0E652BB1D8196FF00C9E845 /* UIImageView+AFNetworking.m in Sources */ = {isa = PBXBuildFile; fileRef = E0E652A61D8196FF00C9E845 /* UIImageView+AFNetworking.m */; };
		E0E652BC1D8196FF00C9E845 /* UIProgressView+AFNetworking.m in Sources */ = {isa = PBXBuildFile; fileRef = E0E652A91D8196FF00C9E845 /* UIProgressView+AFNetworking.m */; };
		E0E652BD1D8196FF00C9E845 /* UIRefreshControl+AFNetworking.m in Sources */ = {isa = PBXBuildFile; fileRef = E0E652AB1D8196FF00C9E845 /* UIRefreshControl+AFNetworking.m */; };
		E0E652BE1D8196FF00C9E845 /* UIWebView+AFNetworking.m in Sources */ = {isa = PBXBuildFile; fileRef = E0E652AD1D8196FF00C9E845 /* UIWebView+AFNetworking.m */; };
/* End PBXBuildFile section */

/* Begin PBXFileReference section */
		E07D379B1D2D503F002D2F0A /* D1.app */ = {isa = PBXFileReference; explicitFileType = wrapper.application; includeInIndex = 0; path = D1.app; sourceTree = BUILT_PRODUCTS_DIR; };
		E07D379F1D2D503F002D2F0A /* main.m */ = {isa = PBXFileReference; lastKnownFileType = sourcecode.c.objc; path = main.m; sourceTree = "<group>"; };
		E07D37A11D2D503F002D2F0A /* AppDelegate.h */ = {isa = PBXFileReference; lastKnownFileType = sourcecode.c.h; path = AppDelegate.h; sourceTree = "<group>"; };
		E07D37A21D2D503F002D2F0A /* AppDelegate.m */ = {isa = PBXFileReference; lastKnownFileType = sourcecode.c.objc; path = AppDelegate.m; sourceTree = "<group>"; };
		E07D37A41D2D503F002D2F0A /* ViewController.h */ = {isa = PBXFileReference; lastKnownFileType = sourcecode.c.h; path = ViewController.h; sourceTree = "<group>"; };
		E07D37A51D2D503F002D2F0A /* ViewController.m */ = {isa = PBXFileReference; lastKnownFileType = sourcecode.c.objc; path = ViewController.m; sourceTree = "<group>"; };
		E07D37AA1D2D503F002D2F0A /* Assets.xcassets */ = {isa = PBXFileReference; lastKnownFileType = folder.assetcatalog; path = Assets.xcassets; sourceTree = "<group>"; };
		E07D37AD1D2D503F002D2F0A /* Base */ = {isa = PBXFileReference; lastKnownFileType = file.storyboard; name = Base; path = Base.lproj/LaunchScreen.storyboard; sourceTree = "<group>"; };
		E07D37AF1D2D503F002D2F0A /* Info.plist */ = {isa = PBXFileReference; lastKnownFileType = text.plist.xml; path = Info.plist; sourceTree = "<group>"; };
		E07D37B51D2D5088002D2F0A /* D1Label.h */ = {isa = PBXFileReference; fileEncoding = 4; lastKnownFileType = sourcecode.c.h; path = D1Label.h; sourceTree = "<group>"; };
		E07D37B61D2D5088002D2F0A /* D1Label.m */ = {isa = PBXFileReference; fileEncoding = 4; lastKnownFileType = sourcecode.c.objc; path = D1Label.m; sourceTree = "<group>"; };
		E0E652821D8191D900C9E845 /* D1SizeViewController.h */ = {isa = PBXFileReference; fileEncoding = 4; lastKnownFileType = sourcecode.c.h; path = D1SizeViewController.h; sourceTree = "<group>"; };
		E0E652831D8191D900C9E845 /* D1SizeViewController.m */ = {isa = PBXFileReference; fileEncoding = 4; lastKnownFileType = sourcecode.c.objc; path = D1SizeViewController.m; sourceTree = "<group>"; };
		E0E652851D81967600C9E845 /* D1CookieViewController.h */ = {isa = PBXFileReference; fileEncoding = 4; lastKnownFileType = sourcecode.c.h; path = D1CookieViewController.h; sourceTree = "<group>"; };
		E0E652861D81967600C9E845 /* D1CookieViewController.m */ = {isa = PBXFileReference; fileEncoding = 4; lastKnownFileType = sourcecode.c.objc; path = D1CookieViewController.m; sourceTree = "<group>"; };
		E0E6528A1D8196FF00C9E845 /* AFHTTPSessionManager.h */ = {isa = PBXFileReference; fileEncoding = 4; lastKnownFileType = sourcecode.c.h; path = AFHTTPSessionManager.h; sourceTree = "<group>"; };
		E0E6528B1D8196FF00C9E845 /* AFHTTPSessionManager.m */ = {isa = PBXFileReference; fileEncoding = 4; lastKnownFileType = sourcecode.c.objc; path = AFHTTPSessionManager.m; sourceTree = "<group>"; };
		E0E6528C1D8196FF00C9E845 /* AFNetworking.h */ = {isa = PBXFileReference; fileEncoding = 4; lastKnownFileType = sourcecode.c.h; path = AFNetworking.h; sourceTree = "<group>"; };
		E0E6528D1D8196FF00C9E845 /* AFNetworkReachabilityManager.h */ = {isa = PBXFileReference; fileEncoding = 4; lastKnownFileType = sourcecode.c.h; path = AFNetworkReachabilityManager.h; sourceTree = "<group>"; };
		E0E6528E1D8196FF00C9E845 /* AFNetworkReachabilityManager.m */ = {isa = PBXFileReference; fileEncoding = 4; lastKnownFileType = sourcecode.c.objc; path = AFNetworkReachabilityManager.m; sourceTree = "<group>"; };
		E0E6528F1D8196FF00C9E845 /* AFSecurityPolicy.h */ = {isa = PBXFileReference; fileEncoding = 4; lastKnownFileType = sourcecode.c.h; path = AFSecurityPolicy.h; sourceTree = "<group>"; };
		E0E652901D8196FF00C9E845 /* AFSecurityPolicy.m */ = {isa = PBXFileReference; fileEncoding = 4; lastKnownFileType = sourcecode.c.objc; path = AFSecurityPolicy.m; sourceTree = "<group>"; };
		E0E652911D8196FF00C9E845 /* AFURLRequestSerialization.h */ = {isa = PBXFileReference; fileEncoding = 4; lastKnownFileType = sourcecode.c.h; path = AFURLRequestSerialization.h; sourceTree = "<group>"; };
		E0E652921D8196FF00C9E845 /* AFURLRequestSerialization.m */ = {isa = PBXFileReference; fileEncoding = 4; lastKnownFileType = sourcecode.c.objc; path = AFURLRequestSerialization.m; sourceTree = "<group>"; };
		E0E652931D8196FF00C9E845 /* AFURLResponseSerialization.h */ = {isa = PBXFileReference; fileEncoding = 4; lastKnownFileType = sourcecode.c.h; path = AFURLResponseSerialization.h; sourceTree = "<group>"; };
		E0E652941D8196FF00C9E845 /* AFURLResponseSerialization.m */ = {isa = PBXFileReference; fileEncoding = 4; lastKnownFileType = sourcecode.c.objc; path = AFURLResponseSerialization.m; sourceTree = "<group>"; };
		E0E652951D8196FF00C9E845 /* AFURLSessionManager.h */ = {isa = PBXFileReference; fileEncoding = 4; lastKnownFileType = sourcecode.c.h; path = AFURLSessionManager.h; sourceTree = "<group>"; };
		E0E652961D8196FF00C9E845 /* AFURLSessionManager.m */ = {isa = PBXFileReference; fileEncoding = 4; lastKnownFileType = sourcecode.c.objc; path = AFURLSessionManager.m; sourceTree = "<group>"; };
		E0E652971D8196FF00C9E845 /* LICENSE */ = {isa = PBXFileReference; fileEncoding = 4; lastKnownFileType = text; path = LICENSE; sourceTree = "<group>"; };
		E0E652981D8196FF00C9E845 /* README.md */ = {isa = PBXFileReference; fileEncoding = 4; lastKnownFileType = net.daringfireball.markdown; path = README.md; sourceTree = "<group>"; };
		E0E6529A1D8196FF00C9E845 /* AFAutoPurgingImageCache.h */ = {isa = PBXFileReference; fileEncoding = 4; lastKnownFileType = sourcecode.c.h; path = AFAutoPurgingImageCache.h; sourceTree = "<group>"; };
		E0E6529B1D8196FF00C9E845 /* AFAutoPurgingImageCache.m */ = {isa = PBXFileReference; fileEncoding = 4; lastKnownFileType = sourcecode.c.objc; path = AFAutoPurgingImageCache.m; sourceTree = "<group>"; };
		E0E6529C1D8196FF00C9E845 /* AFImageDownloader.h */ = {isa = PBXFileReference; fileEncoding = 4; lastKnownFileType = sourcecode.c.h; path = AFImageDownloader.h; sourceTree = "<group>"; };
		E0E6529D1D8196FF00C9E845 /* AFImageDownloader.m */ = {isa = PBXFileReference; fileEncoding = 4; lastKnownFileType = sourcecode.c.objc; path = AFImageDownloader.m; sourceTree = "<group>"; };
		E0E6529E1D8196FF00C9E845 /* AFNetworkActivityIndicatorManager.h */ = {isa = PBXFileReference; fileEncoding = 4; lastKnownFileType = sourcecode.c.h; path = AFNetworkActivityIndicatorManager.h; sourceTree = "<group>"; };
		E0E6529F1D8196FF00C9E845 /* AFNetworkActivityIndicatorManager.m */ = {isa = PBXFileReference; fileEncoding = 4; lastKnownFileType = sourcecode.c.objc; path = AFNetworkActivityIndicatorManager.m; sourceTree = "<group>"; };
		E0E652A01D8196FF00C9E845 /* UIActivityIndicatorView+AFNetworking.h */ = {isa = PBXFileReference; fileEncoding = 4; lastKnownFileType = sourcecode.c.h; path = "UIActivityIndicatorView+AFNetworking.h"; sourceTree = "<group>"; };
		E0E652A11D8196FF00C9E845 /* UIActivityIndicatorView+AFNetworking.m */ = {isa = PBXFileReference; fileEncoding = 4; lastKnownFileType = sourcecode.c.objc; path = "UIActivityIndicatorView+AFNetworking.m"; sourceTree = "<group>"; };
		E0E652A21D8196FF00C9E845 /* UIButton+AFNetworking.h */ = {isa = PBXFileReference; fileEncoding = 4; lastKnownFileType = sourcecode.c.h; path = "UIButton+AFNetworking.h"; sourceTree = "<group>"; };
		E0E652A31D8196FF00C9E845 /* UIButton+AFNetworking.m */ = {isa = PBXFileReference; fileEncoding = 4; lastKnownFileType = sourcecode.c.objc; path = "UIButton+AFNetworking.m"; sourceTree = "<group>"; };
		E0E652A41D8196FF00C9E845 /* UIImage+AFNetworking.h */ = {isa = PBXFileReference; fileEncoding = 4; lastKnownFileType = sourcecode.c.h; path = "UIImage+AFNetworking.h"; sourceTree = "<group>"; };
		E0E652A51D8196FF00C9E845 /* UIImageView+AFNetworking.h */ = {isa = PBXFileReference; fileEncoding = 4; lastKnownFileType = sourcecode.c.h; path = "UIImageView+AFNetworking.h"; sourceTree = "<group>"; };
		E0E652A61D8196FF00C9E845 /* UIImageView+AFNetworking.m */ = {isa = PBXFileReference; fileEncoding = 4; lastKnownFileType = sourcecode.c.objc; path = "UIImageView+AFNetworking.m"; sourceTree = "<group>"; };
		E0E652A71D8196FF00C9E845 /* UIKit+AFNetworking.h */ = {isa = PBXFileReference; fileEncoding = 4; lastKnownFileType = sourcecode.c.h; path = "UIKit+AFNetworking.h"; sourceTree = "<group>"; };
		E0E652A81D8196FF00C9E845 /* UIProgressView+AFNetworking.h */ = {isa = PBXFileReference; fileEncoding = 4; lastKnownFileType = sourcecode.c.h; path = "UIProgressView+AFNetworking.h"; sourceTree = "<group>"; };
		E0E652A91D8196FF00C9E845 /* UIProgressView+AFNetworking.m */ = {isa = PBXFileReference; fileEncoding = 4; lastKnownFileType = sourcecode.c.objc; path = "UIProgressView+AFNetworking.m"; sourceTree = "<group>"; };
		E0E652AA1D8196FF00C9E845 /* UIRefreshControl+AFNetworking.h */ = {isa = PBXFileReference; fileEncoding = 4; lastKnownFileType = sourcecode.c.h; path = "UIRefreshControl+AFNetworking.h"; sourceTree = "<group>"; };
		E0E652AB1D8196FF00C9E845 /* UIRefreshControl+AFNetworking.m */ = {isa = PBXFileReference; fileEncoding = 4; lastKnownFileType = sourcecode.c.objc; path = "UIRefreshControl+AFNetworking.m"; sourceTree = "<group>"; };
		E0E652AC1D8196FF00C9E845 /* UIWebView+AFNetworking.h */ = {isa = PBXFileReference; fileEncoding = 4; lastKnownFileType = sourcecode.c.h; path = "UIWebView+AFNetworking.h"; sourceTree = "<group>"; };
		E0E652AD1D8196FF00C9E845 /* UIWebView+AFNetworking.m */ = {isa = PBXFileReference; fileEncoding = 4; lastKnownFileType = sourcecode.c.objc; path = "UIWebView+AFNetworking.m"; sourceTree = "<group>"; };
/* End PBXFileReference section */

/* Begin PBXFrameworksBuildPhase section */
		E07D37981D2D503F002D2F0A /* Frameworks */ = {
			isa = PBXFrameworksBuildPhase;
			buildActionMask = 2147483647;
			files = (
			);
			runOnlyForDeploymentPostprocessing = 0;
		};
/* End PBXFrameworksBuildPhase section */

/* Begin PBXGroup section */
		E07D37921D2D503F002D2F0A = {
			isa = PBXGroup;
			children = (
				E0E652881D8196FF00C9E845 /* AFNetworking */,
				E07D379D1D2D503F002D2F0A /* D1 */,
				E07D379C1D2D503F002D2F0A /* Products */,
			);
			sourceTree = "<group>";
		};
		E07D379C1D2D503F002D2F0A /* Products */ = {
			isa = PBXGroup;
			children = (
				E07D379B1D2D503F002D2F0A /* D1.app */,
			);
			name = Products;
			sourceTree = "<group>";
		};
		E07D379D1D2D503F002D2F0A /* D1 */ = {
			isa = PBXGroup;
			children = (
				E07D37A11D2D503F002D2F0A /* AppDelegate.h */,
				E07D37A21D2D503F002D2F0A /* AppDelegate.m */,
				E07D37A41D2D503F002D2F0A /* ViewController.h */,
				E07D37A51D2D503F002D2F0A /* ViewController.m */,
				E07D37AA1D2D503F002D2F0A /* Assets.xcassets */,
				E07D37AC1D2D503F002D2F0A /* LaunchScreen.storyboard */,
				E07D37AF1D2D503F002D2F0A /* Info.plist */,
				E07D379E1D2D503F002D2F0A /* Supporting Files */,
				E07D37B51D2D5088002D2F0A /* D1Label.h */,
				E07D37B61D2D5088002D2F0A /* D1Label.m */,
				E0E652821D8191D900C9E845 /* D1SizeViewController.h */,
				E0E652831D8191D900C9E845 /* D1SizeViewController.m */,
				E0E652851D81967600C9E845 /* D1CookieViewController.h */,
				E0E652861D81967600C9E845 /* D1CookieViewController.m */,
			);
			path = D1;
			sourceTree = "<group>";
		};
		E07D379E1D2D503F002D2F0A /* Supporting Files */ = {
			isa = PBXGroup;
			children = (
				E07D379F1D2D503F002D2F0A /* main.m */,
			);
			name = "Supporting Files";
			sourceTree = "<group>";
		};
		E0E652881D8196FF00C9E845 /* AFNetworking */ = {
			isa = PBXGroup;
			children = (
				E0E652891D8196FF00C9E845 /* AFNetworking */,
				E0E652971D8196FF00C9E845 /* LICENSE */,
				E0E652981D8196FF00C9E845 /* README.md */,
				E0E652991D8196FF00C9E845 /* UIKit+AFNetworking */,
			);
			path = AFNetworking;
			sourceTree = "<group>";
		};
		E0E652891D8196FF00C9E845 /* AFNetworking */ = {
			isa = PBXGroup;
			children = (
				E0E6528A1D8196FF00C9E845 /* AFHTTPSessionManager.h */,
				E0E6528B1D8196FF00C9E845 /* AFHTTPSessionManager.m */,
				E0E6528C1D8196FF00C9E845 /* AFNetworking.h */,
				E0E6528D1D8196FF00C9E845 /* AFNetworkReachabilityManager.h */,
				E0E6528E1D8196FF00C9E845 /* AFNetworkReachabilityManager.m */,
				E0E6528F1D8196FF00C9E845 /* AFSecurityPolicy.h */,
				E0E652901D8196FF00C9E845 /* AFSecurityPolicy.m */,
				E0E652911D8196FF00C9E845 /* AFURLRequestSerialization.h */,
				E0E652921D8196FF00C9E845 /* AFURLRequestSerialization.m */,
				E0E652931D8196FF00C9E845 /* AFURLResponseSerialization.h */,
				E0E652941D8196FF00C9E845 /* AFURLResponseSerialization.m */,
				E0E652951D8196FF00C9E845 /* AFURLSessionManager.h */,
				E0E652961D8196FF00C9E845 /* AFURLSessionManager.m */,
			);
			path = AFNetworking;
			sourceTree = "<group>";
		};
		E0E652991D8196FF00C9E845 /* UIKit+AFNetworking */ = {
			isa = PBXGroup;
			children = (
				E0E6529A1D8196FF00C9E845 /* AFAutoPurgingImageCache.h */,
				E0E6529B1D8196FF00C9E845 /* AFAutoPurgingImageCache.m */,
				E0E6529C1D8196FF00C9E845 /* AFImageDownloader.h */,
				E0E6529D1D8196FF00C9E845 /* AFImageDownloader.m */,
				E0E6529E1D8196FF00C9E845 /* AFNetworkActivityIndicatorManager.h */,
				E0E6529F1D8196FF00C9E845 /* AFNetworkActivityIndicatorManager.m */,
				E0E652A01D8196FF00C9E845 /* UIActivityIndicatorView+AFNetworking.h */,
				E0E652A11D8196FF00C9E845 /* UIActivityIndicatorView+AFNetworking.m */,
				E0E652A21D8196FF00C9E845 /* UIButton+AFNetworking.h */,
				E0E652A31D8196FF00C9E845 /* UIButton+AFNetworking.m */,
				E0E652A41D8196FF00C9E845 /* UIImage+AFNetworking.h */,
				E0E652A51D8196FF00C9E845 /* UIImageView+AFNetworking.h */,
				E0E652A61D8196FF00C9E845 /* UIImageView+AFNetworking.m */,
				E0E652A71D8196FF00C9E845 /* UIKit+AFNetworking.h */,
				E0E652A81D8196FF00C9E845 /* UIProgressView+AFNetworking.h */,
				E0E652A91D8196FF00C9E845 /* UIProgressView+AFNetworking.m */,
				E0E652AA1D8196FF00C9E845 /* UIRefreshControl+AFNetworking.h */,
				E0E652AB1D8196FF00C9E845 /* UIRefreshControl+AFNetworking.m */,
				E0E652AC1D8196FF00C9E845 /* UIWebView+AFNetworking.h */,
				E0E652AD1D8196FF00C9E845 /* UIWebView+AFNetworking.m */,
			);
			path = "UIKit+AFNetworking";
			sourceTree = "<group>";
		};
/* End PBXGroup section */

/* Begin PBXNativeTarget section */
		E07D379A1D2D503F002D2F0A /* D1 */ = {
			isa = PBXNativeTarget;
			buildConfigurationList = E07D37B21D2D503F002D2F0A /* Build configuration list for PBXNativeTarget "D1" */;
			buildPhases = (
				E07D37971D2D503F002D2F0A /* Sources */,
				E07D37981D2D503F002D2F0A /* Frameworks */,
				E07D37991D2D503F002D2F0A /* Resources */,
			);
			buildRules = (
			);
			dependencies = (
			);
			name = D1;
			productName = D1;
			productReference = E07D379B1D2D503F002D2F0A /* D1.app */;
			productType = "com.apple.product-type.application";
		};
/* End PBXNativeTarget section */

/* Begin PBXProject section */
		E07D37931D2D503F002D2F0A /* Project object */ = {
			isa = PBXProject;
			attributes = {
				LastUpgradeCheck = 0730;
				ORGANIZATIONNAME = cx;
				TargetAttributes = {
					E07D379A1D2D503F002D2F0A = {
						CreatedOnToolsVersion = 7.3.1;
					};
				};
			};
			buildConfigurationList = E07D37961D2D503F002D2F0A /* Build configuration list for PBXProject "D1" */;
			compatibilityVersion = "Xcode 3.2";
			developmentRegion = English;
			hasScannedForEncodings = 0;
			knownRegions = (
				en,
				Base,
			);
			mainGroup = E07D37921D2D503F002D2F0A;
			productRefGroup = E07D379C1D2D503F002D2F0A /* Products */;
			projectDirPath = "";
			projectRoot = "";
			targets = (
				E07D379A1D2D503F002D2F0A /* D1 */,
			);
		};
/* End PBXProject section */

/* Begin PBXResourcesBuildPhase section */
		E07D37991D2D503F002D2F0A /* Resources */ = {
			isa = PBXResourcesBuildPhase;
			buildActionMask = 2147483647;
			files = (
				E0E652B41D8196FF00C9E845 /* LICENSE in Resources */,
				E07D37AE1D2D503F002D2F0A /* LaunchScreen.storyboard in Resources */,
				E07D37AB1D2D503F002D2F0A /* Assets.xcassets in Resources */,
			);
			runOnlyForDeploymentPostprocessing = 0;
		};
/* End PBXResourcesBuildPhase section */

/* Begin PBXSourcesBuildPhase section */
		E07D37971D2D503F002D2F0A /* Sources */ = {
			isa = PBXSourcesBuildPhase;
			buildActionMask = 2147483647;
			files = (
				E0E652841D8191D900C9E845 /* D1SizeViewController.m in Sources */,
				E0E652B01D8196FF00C9E845 /* AFSecurityPolicy.m in Sources */,
				E0E652BA1D8196FF00C9E845 /* UIButton+AFNetworking.m in Sources */,
				E0E652B71D8196FF00C9E845 /* AFImageDownloader.m in Sources */,
				E0E652BC1D8196FF00C9E845 /* UIProgressView+AFNetworking.m in Sources */,
				E07D37A61D2D503F002D2F0A /* ViewController.m in Sources */,
				E0E652B81D8196FF00C9E845 /* AFNetworkActivityIndicatorManager.m in Sources */,
				E07D37B71D2D5088002D2F0A /* D1Label.m in Sources */,
				E0E652BD1D8196FF00C9E845 /* UIRefreshControl+AFNetworking.m in Sources */,
				E0E652B51D8196FF00C9E845 /* README.md in Sources */,
				E0E652B61D8196FF00C9E845 /* AFAutoPurgingImageCache.m in Sources */,
				E0E652BB1D8196FF00C9E845 /* UIImageView+AFNetworking.m in Sources */,
				E0E652B21D8196FF00C9E845 /* AFURLResponseSerialization.m in Sources */,
				E0E652871D81967600C9E845 /* D1CookieViewController.m in Sources */,
				E07D37A31D2D503F002D2F0A /* AppDelegate.m in Sources */,
				E0E652AE1D8196FF00C9E845 /* AFHTTPSessionManager.m in Sources */,
				E0E652BE1D8196FF00C9E845 /* UIWebView+AFNetworking.m in Sources */,
				E0E652B91D8196FF00C9E845 /* UIActivityIndicatorView+AFNetworking.m in Sources */,
				E0E652B11D8196FF00C9E845 /* AFURLRequestSerialization.m in Sources */,
				E0E652B31D8196FF00C9E845 /* AFURLSessionManager.m in Sources */,
				E0E652AF1D8196FF00C9E845 /* AFNetworkReachabilityManager.m in Sources */,
				E07D37A01D2D503F002D2F0A /* main.m in Sources */,
			);
			runOnlyForDeploymentPostprocessing = 0;
		};
/* End PBXSourcesBuildPhase section */

/* Begin PBXVariantGroup section */
		E07D37AC1D2D503F002D2F0A /* LaunchScreen.storyboard */ = {
			isa = PBXVariantGroup;
			children = (
				E07D37AD1D2D503F002D2F0A /* Base */,
			);
			name = LaunchScreen.storyboard;
			sourceTree = "<group>";
		};
/* End PBXVariantGroup section */

/* Begin XCBuildConfiguration section */
		E07D37B01D2D503F002D2F0A /* Debug */ = {
			isa = XCBuildConfiguration;
			buildSettings = {
				ALWAYS_SEARCH_USER_PATHS = NO;
				CLANG_ANALYZER_NONNULL = YES;
				CLANG_CXX_LANGUAGE_STANDARD = "gnu++0x";
				CLANG_CXX_LIBRARY = "libc++";
				CLANG_ENABLE_MODULES = YES;
				CLANG_ENABLE_OBJC_ARC = YES;
				CLANG_WARN_BOOL_CONVERSION = YES;
				CLANG_WARN_CONSTANT_CONVERSION = YES;
				CLANG_WARN_DIRECT_OBJC_ISA_USAGE = YES_ERROR;
				CLANG_WARN_EMPTY_BODY = YES;
				CLANG_WARN_ENUM_CONVERSION = YES;
				CLANG_WARN_INT_CONVERSION = YES;
				CLANG_WARN_OBJC_ROOT_CLASS = YES_ERROR;
				CLANG_WARN_UNREACHABLE_CODE = YES;
				CLANG_WARN__DUPLICATE_METHOD_MATCH = YES;
				"CODE_SIGN_IDENTITY[sdk=iphoneos*]" = "iPhone Developer";
				COPY_PHASE_STRIP = NO;
				DEBUG_INFORMATION_FORMAT = dwarf;
				ENABLE_STRICT_OBJC_MSGSEND = YES;
				ENABLE_TESTABILITY = YES;
				GCC_C_LANGUAGE_STANDARD = gnu99;
				GCC_DYNAMIC_NO_PIC = NO;
				GCC_NO_COMMON_BLOCKS = YES;
				GCC_OPTIMIZATION_LEVEL = 0;
				GCC_PREPROCESSOR_DEFINITIONS = (
					"DEBUG=1",
					"$(inherited)",
				);
				GCC_WARN_64_TO_32_BIT_CONVERSION = YES;
				GCC_WARN_ABOUT_RETURN_TYPE = YES_ERROR;
				GCC_WARN_UNDECLARED_SELECTOR = YES;
				GCC_WARN_UNINITIALIZED_AUTOS = YES_AGGRESSIVE;
				GCC_WARN_UNUSED_FUNCTION = YES;
				GCC_WARN_UNUSED_VARIABLE = YES;
				IPHONEOS_DEPLOYMENT_TARGET = 9.3;
				MTL_ENABLE_DEBUG_INFO = YES;
				ONLY_ACTIVE_ARCH = YES;
				SDKROOT = iphoneos;
				TARGETED_DEVICE_FAMILY = "1,2";
			};
			name = Debug;
		};
		E07D37B11D2D503F002D2F0A /* Release */ = {
			isa = XCBuildConfiguration;
			buildSettings = {
				ALWAYS_SEARCH_USER_PATHS = NO;
				CLANG_ANALYZER_NONNULL = YES;
				CLANG_CXX_LANGUAGE_STANDARD = "gnu++0x";
				CLANG_CXX_LIBRARY = "libc++";
				CLANG_ENABLE_MODULES = YES;
				CLANG_ENABLE_OBJC_ARC = YES;
				CLANG_WARN_BOOL_CONVERSION = YES;
				CLANG_WARN_CONSTANT_CONVERSION = YES;
				CLANG_WARN_DIRECT_OBJC_ISA_USAGE = YES_ERROR;
				CLANG_WARN_EMPTY_BODY = YES;
				CLANG_WARN_ENUM_CONVERSION = YES;
				CLANG_WARN_INT_CONVERSION = YES;
				CLANG_WARN_OBJC_ROOT_CLASS = YES_ERROR;
				CLANG_WARN_UNREACHABLE_CODE = YES;
				CLANG_WARN__DUPLICATE_METHOD_MATCH = YES;
				"CODE_SIGN_IDENTITY[sdk=iphoneos*]" = "iPhone Developer";
				COPY_PHASE_STRIP = NO;
				DEBUG_INFORMATION_FORMAT = "dwarf-with-dsym";
				ENABLE_NS_ASSERTIONS = NO;
				ENABLE_STRICT_OBJC_MSGSEND = YES;
				GCC_C_LANGUAGE_STANDARD = gnu99;
				GCC_NO_COMMON_BLOCKS = YES;
				GCC_WARN_64_TO_32_BIT_CONVERSION = YES;
				GCC_WARN_ABOUT_RETURN_TYPE = YES_ERROR;
				GCC_WARN_UNDECLARED_SELECTOR = YES;
				GCC_WARN_UNINITIALIZED_AUTOS = YES_AGGRESSIVE;
				GCC_WARN_UNUSED_FUNCTION = YES;
				GCC_WARN_UNUSED_VARIABLE = YES;
				IPHONEOS_DEPLOYMENT_TARGET = 9.3;
				MTL_ENABLE_DEBUG_INFO = NO;
				SDKROOT = iphoneos;
				TARGETED_DEVICE_FAMILY = "1,2";
				VALIDATE_PRODUCT = YES;
			};
			name = Release;
		};
		E07D37B31D2D503F002D2F0A /* Debug */ = {
			isa = XCBuildConfiguration;
			buildSettings = {
				ASSETCATALOG_COMPILER_APPICON_NAME = AppIcon;
				INFOPLIST_FILE = D1/Info.plist;
				LD_RUNPATH_SEARCH_PATHS = "$(inherited) @executable_path/Frameworks";
				PRODUCT_BUNDLE_IDENTIFIER = com.cx.D1;
				PRODUCT_NAME = "$(TARGET_NAME)";
			};
			name = Debug;
		};
		E07D37B41D2D503F002D2F0A /* Release */ = {
			isa = XCBuildConfiguration;
			buildSettings = {
				ASSETCATALOG_COMPILER_APPICON_NAME = AppIcon;
				INFOPLIST_FILE = D1/Info.plist;
				LD_RUNPATH_SEARCH_PATHS = "$(inherited) @executable_path/Frameworks";
				PRODUCT_BUNDLE_IDENTIFIER = com.cx.D1;
				PRODUCT_NAME = "$(TARGET_NAME)";
			};
			name = Release;
		};
/* End XCBuildConfiguration section */

/* Begin XCConfigurationList section */
		E07D37961D2D503F002D2F0A /* Build configuration list for PBXProject "D1" */ = {
			isa = XCConfigurationList;
			buildConfigurations = (
				E07D37B01D2D503F002D2F0A /* Debug */,
				E07D37B11D2D503F002D2F0A /* Release */,
			);
			defaultConfigurationIsVisible = 0;
			defaultConfigurationName = Release;
		};
		E07D37B21D2D503F002D2F0A /* Build configuration list for PBXNativeTarget "D1" */ = {
			isa = XCConfigurationList;
			buildConfigurations = (
				E07D37B31D2D503F002D2F0A /* Debug */,
				E07D37B41D2D503F002D2F0A /* Release */,
			);
			defaultConfigurationIsVisible = 0;
			defaultConfigurationName = Release;
		};
/* End XCConfigurationList section */
	};
	rootObject = E07D37931D2D503F002D2F0A /* Project object */;
}
